
Microsoft Visual Studio Solution File, Format Version 12.00
# Visual Studio Version 17
VisualStudioVersion = 17.2.32314.265
MinimumVisualStudioVersion = 10.0.40219.1
Project("{FAE04EC0-301F-11D3-BF4B-00C04F79EFBC}") = "Api", "Api\Api.csproj", "{6361513E-EC8D-41CF-9EAC-FFB68ACE9438}"
EndProject
Project("{FAE04EC0-301F-11D3-BF4B-00C04F79EFBC}") = "Client", "Client\Client.csproj", "{AD5B0384-B295-4337-9713-0F1D5154D186}"
EndProject
Global
	GlobalSection(SolutionConfigurationPlatforms) = preSolution
		Debug|Any CPU = Debug|Any CPU
		Release|Any CPU = Release|Any CPU
	EndGlobalSection
	GlobalSection(ProjectConfigurationPlatforms) = postSolution
		{6361513E-EC8D-41CF-9EAC-FFB68ACE9438}.Debug|Any CPU.ActiveCfg = Debug|Any CPU
		{6361513E-EC8D-41CF-9EAC-FFB68ACE9438}.Debug|Any CPU.Build.0 = Debug|Any CPU
		{6361513E-EC8D-41CF-9EAC-FFB68ACE9438}.Release|Any CPU.ActiveCfg = Release|Any CPU
		{6361513E-EC8D-41CF-9EAC-FFB68ACE9438}.Release|Any CPU.Build.0 = Release|Any CPU
		{AD5B0384-B295-4337-9713-0F1D5154D186}.Debug|Any CPU.ActiveCfg = Debug|Any CPU
		{AD5B0384-B295-4337-9713-0F1D5154D186}.Debug|Any CPU.Build.0 = Debug|Any CPU
		{AD5B0384-B295-4337-9713-0F1D5154D186}.Release|Any CPU.ActiveCfg = Release|Any CPU
		{AD5B0384-B295-4337-9713-0F1D5154D186}.Release|Any CPU.Build.0 = Release|Any CPU
	EndGlobalSection
	GlobalSection(SolutionProperties) = preSolution
		HideSolutionNode = FALSE
	EndGlobalSection
	GlobalSection(ExtensibilityGlobals) = postSolution
		SolutionGuid = {6BEEE359-00F7-4296-890B-4912D98C705C}
	EndGlobalSection
EndGlobal
